
Microsoft Visual Studio Solution File, Format Version 12.00
# Visual Studio Version 17
VisualStudioVersion = 17.11.35208.52
MinimumVisualStudioVersion = 10.0.40219.1
Project("{9A19103F-16F7-4668-BE54-9A1E7A4F7556}") = "VseTShirts", "VseTShirts.csproj", "{C9D9A18D-DA4B-4920-82B3-89314862F8DB}"
EndProject
Project("{FAE04EC0-301F-11D3-BF4B-00C04F79EFBC}") = "VseTShirts.DB", "..\VseTShirts.DB\VseTShirts.DB.csproj", "{EE597568-0676-4B22-872E-A313D9D69CCB}"
EndProject
Global
	GlobalSection(SolutionConfigurationPlatforms) = preSolution
		Debug|Any CPU = Debug|Any CPU
		Release|Any CPU = Release|Any CPU
	EndGlobalSection
	GlobalSection(ProjectConfigurationPlatforms) = postSolution
		{C9D9A18D-DA4B-4920-82B3-89314862F8DB}.Debug|Any CPU.ActiveCfg = Debug|Any CPU
		{C9D9A18D-DA4B-4920-82B3-89314862F8DB}.Debug|Any CPU.Build.0 = Debug|Any CPU
		{C9D9A18D-DA4B-4920-82B3-89314862F8DB}.Release|Any CPU.ActiveCfg = Release|Any CPU
		{C9D9A18D-DA4B-4920-82B3-89314862F8DB}.Release|Any CPU.Build.0 = Release|Any CPU
		{EE597568-0676-4B22-872E-A313D9D69CCB}.Debug|Any CPU.ActiveCfg = Debug|Any CPU
		{EE597568-0676-4B22-872E-A313D9D69CCB}.Debug|Any CPU.Build.0 = Debug|Any CPU
		{EE597568-0676-4B22-872E-A313D9D69CCB}.Release|Any CPU.ActiveCfg = Release|Any CPU
		{EE597568-0676-4B22-872E-A313D9D69CCB}.Release|Any CPU.Build.0 = Release|Any CPU
	EndGlobalSection
	GlobalSection(SolutionProperties) = preSolution
		HideSolutionNode = FALSE
	EndGlobalSection
	GlobalSection(ExtensibilityGlobals) = postSolution
		SolutionGuid = {E2633F06-9297-4704-9545-CE9F0112063D}
	EndGlobalSection
EndGlobal
